{
  "originHash" : "7e1af49a1a28b71c2329b239263e135a9108325f105dc5132764409551274396",
  "pins" : [
    {
      "identity" : "duckdb-swift",
      "kind" : "remoteSourceControl",
      "location" : "https://github.com/duckdb/duckdb-swift",
      "state" : {
        "revision" : "9583f44fedc20a8e0b6151d2e43f6d850016712f",
        "version" : "1.1.3"
      }
    },
    {
      "identity" : "swift-custom-dump",
      "kind" : "remoteSourceControl",
      "location" : "https://github.com/pointfreeco/swift-custom-dump",
      "state" : {
        "revision" : "82645ec760917961cfa08c9c0c7104a57a0fa4b1",
        "version" : "1.3.3"
      }
    },
    {
      "identity" : "swift-snapshot-testing",
      "kind" : "remoteSourceControl",
      "location" : "https://github.com/pointfreeco/swift-snapshot-testing",
      "state" : {
        "revision" : "a8b7c5e0ed33d8ab8887d1654d9b59f2cbad529b",
        "version" : "1.18.7"
      }
    },
    {
      "identity" : "swift-structured-queries",
      "kind" : "remoteSourceControl",
      "location" : "https://github.com/pointfreeco/swift-structured-queries",
      "state" : {
        "revision" : "9eaafed0eff98326b07d61222dd3c47427b6c937",
        "version" : "0.22.1"
      }
    },
    {
      "identity" : "swift-syntax",
      "kind" : "remoteSourceControl",
      "location" : "https://github.com/swiftlang/swift-syntax",
      "state" : {
        "revision" : "4799286537280063c85a32f09884cfbca301b1a1",
        "version" : "602.0.0"
      }
    },
    {
      "identity" : "xctest-dynamic-overlay",
      "kind" : "remoteSourceControl",
      "location" : "https://github.com/pointfreeco/xctest-dynamic-overlay",
      "state" : {
        "revision" : "4c27acf5394b645b70d8ba19dc249c0472d5f618",
        "version" : "1.7.0"
      }
    }
  ],
  "version" : 3
}
